<?xml version="1.0" encoding="utf-8"?>
<Project ToolsVersion="4.0" xmlns="http://schemas.microsoft.com/developer/msbuild/2003">
  <ItemGroup>
    <ClCompile Include="Background.cpp" />
    <ClCompile Include="Entity.cpp" />
    <ClCompile Include="EntityManager.cpp" />
    <ClCompile Include="EventManager.cpp" />
    <ClCompile Include="EventObserver.cpp" />
    <ClCompile Include="EventSubject.cpp" />
    <ClCompile Include="GameManager.cpp" />
    <ClCompile Include="Luddis.cpp" />
    <ClCompile Include="GraphicManager.cpp" />
    <ClCompile Include="Main.cpp" />
    <ClCompile Include="Projectile.cpp" />
    <ClCompile Include="ResourceManager.cpp" />
    <ClCompile Include="Silverfish.cpp" />
    <ClCompile Include="SoundEngine.cpp" />
    <ClCompile Include="SoundManager.cpp" />
    <ClCompile Include="VectorMath.cpp" />
    <ClCompile Include="CollisionManager.cpp" />
  </ItemGroup>
  <ItemGroup>
    <ClInclude Include="Background.h" />
    <ClInclude Include="CollisionManager.h" />
    <ClInclude Include="Entity.h" />
    <ClInclude Include="EntityManager.h" />
    <ClInclude Include="EventManager.h" />
    <ClInclude Include="EventObserver.h" />
    <ClInclude Include="EventSubject.h" />
    <ClInclude Include="GameManager.h" />
    <ClInclude Include="GraphicManager.h" />
    <ClInclude Include="Level.h" />
    <ClInclude Include="Luddis.h" />
    <ClInclude Include="Projectile.h" />
    <ClInclude Include="ResourceManager.h" />
    <ClInclude Include="Silverfish.h" />
    <ClInclude Include="SoundEngine.h" />
    <ClInclude Include="SoundManager.h" />
    <ClInclude Include="VectorMath.h" />
  </ItemGroup>
  <ItemGroup>
    <Media Include="Resources\Audio\MGF-99-MULTI-Doepfer Modular - Classic Acid C2.wav" />
  </ItemGroup>
  <ItemGroup>
    <Image Include="Knight.png" />
  </ItemGroup>
</Project>